// !$*UTF8*$!
{
	archiveVersion = 1;
	classes = {
	};
	objectVersion = 46;
	objects = {

/* Begin PBXFileReference section */
		DDD7053D19F38BE3006672EA /* common_string.cpp */ = {isa = PBXFileReference; fileEncoding = 4; lastKnownFileType = sourcecode.cpp.cpp; path = common_string.cpp; sourceTree = "<group>"; };
		DDD7053E19F38BE3006672EA /* common_string.h */ = {isa = PBXFileReference; fileEncoding = 4; lastKnownFileType = sourcecode.c.h; path = common_string.h; sourceTree = "<group>"; };
		DDD7053F19F38BE3006672EA /* Definitions.h */ = {isa = PBXFileReference; fileEncoding = 4; lastKnownFileType = sourcecode.c.h; path = Definitions.h; sourceTree = "<group>"; };
		DDD7054019F38BE3006672EA /* File.h */ = {isa = PBXFileReference; fileEncoding = 4; lastKnownFileType = sourcecode.c.h; path = File.h; sourceTree = "<group>"; };
		DDD7054119F38BE3006672EA /* InputFile.h */ = {isa = PBXFileReference; fileEncoding = 4; lastKnownFileType = sourcecode.c.h; path = InputFile.h; sourceTree = "<group>"; };
		DDD7054219F38BE3006672EA /* InputFileFITS.cpp */ = {isa = PBXFileReference; fileEncoding = 4; lastKnownFileType = sourcecode.cpp.cpp; path = InputFileFITS.cpp; sourceTree = "<group>"; };
		DDD7054319F38BE3006672EA /* InputFileFITS.h */ = {isa = PBXFileReference; fileEncoding = 4; lastKnownFileType = sourcecode.c.h; path = InputFileFITS.h; sourceTree = "<group>"; };
		DDD7054419F38BE3006672EA /* InputFileText.cpp */ = {isa = PBXFileReference; fileEncoding = 4; lastKnownFileType = sourcecode.cpp.cpp; path = InputFileText.cpp; sourceTree = "<group>"; };
		DDD7054519F38BE3006672EA /* InputFileText.h */ = {isa = PBXFileReference; fileEncoding = 4; lastKnownFileType = sourcecode.c.h; path = InputFileText.h; sourceTree = "<group>"; };
		DDD7054619F38BE3006672EA /* mac_clock_gettime.cpp */ = {isa = PBXFileReference; fileEncoding = 4; lastKnownFileType = sourcecode.cpp.cpp; path = mac_clock_gettime.cpp; sourceTree = "<group>"; };
		DDD7054719F38BE3006672EA /* mac_clock_gettime.h */ = {isa = PBXFileReference; fileEncoding = 4; lastKnownFileType = sourcecode.c.h; path = mac_clock_gettime.h; sourceTree = "<group>"; };
		DDD7054819F38BE3006672EA /* OutputFile.h */ = {isa = PBXFileReference; fileEncoding = 4; lastKnownFileType = sourcecode.c.h; path = OutputFile.h; sourceTree = "<group>"; };
		DDD7054919F38BE3006672EA /* OutputFileFITS.cpp */ = {isa = PBXFileReference; fileEncoding = 4; lastKnownFileType = sourcecode.cpp.cpp; path = OutputFileFITS.cpp; sourceTree = "<group>"; };
		DDD7054A19F38BE3006672EA /* OutputFileFITS.h */ = {isa = PBXFileReference; fileEncoding = 4; lastKnownFileType = sourcecode.c.h; path = OutputFileFITS.h; sourceTree = "<group>"; };
		DDD7054B19F38BE3006672EA /* README */ = {isa = PBXFileReference; fileEncoding = 4; lastKnownFileType = text; path = README; sourceTree = "<group>"; };
		DDD7054C19F38BE3006672EA /* version.h */ = {isa = PBXFileReference; fileEncoding = 4; lastKnownFileType = sourcecode.c.h; path = version.h; sourceTree = "<group>"; };
		DDD7054D19F38C45006672EA /* Thread.cpp */ = {isa = PBXFileReference; lastKnownFileType = sourcecode.cpp.cpp; path = Thread.cpp; sourceTree = "<group>"; };
		DDD7054E19F38C45006672EA /* Thread.h */ = {isa = PBXFileReference; lastKnownFileType = sourcecode.c.h; path = Thread.h; sourceTree = "<group>"; };
		DDD7055619F4E9AF006672EA /* Matrix.h */ = {isa = PBXFileReference; fileEncoding = 4; lastKnownFileType = sourcecode.c.h; path = Matrix.h; sourceTree = "<group>"; };
/* End PBXFileReference section */

/* Begin PBXGroup section */
		DDD7053119F38BC3006672EA = {
			isa = PBXGroup;
			children = (
				DDD7053C19F38BE3006672EA /* code */,
			);
			sourceTree = "<group>";
		};
		DDD7053C19F38BE3006672EA /* code */ = {
			isa = PBXGroup;
			children = (
				DDD7055619F4E9AF006672EA /* Matrix.h */,
				DDD7053D19F38BE3006672EA /* common_string.cpp */,
				DDD7053E19F38BE3006672EA /* common_string.h */,
				DDD7053F19F38BE3006672EA /* Definitions.h */,
				DDD7054019F38BE3006672EA /* File.h */,
				DDD7054119F38BE3006672EA /* InputFile.h */,
				DDD7054D19F38C45006672EA /* Thread.cpp */,
				DDD7054E19F38C45006672EA /* Thread.h */,
				DDD7054219F38BE3006672EA /* InputFileFITS.cpp */,
				DDD7054319F38BE3006672EA /* InputFileFITS.h */,
				DDD7054419F38BE3006672EA /* InputFileText.cpp */,
				DDD7054519F38BE3006672EA /* InputFileText.h */,
				DDD7054619F38BE3006672EA /* mac_clock_gettime.cpp */,
				DDD7054719F38BE3006672EA /* mac_clock_gettime.h */,
				DDD7054819F38BE3006672EA /* OutputFile.h */,
				DDD7054919F38BE3006672EA /* OutputFileFITS.cpp */,
				DDD7054A19F38BE3006672EA /* OutputFileFITS.h */,
				DDD7054B19F38BE3006672EA /* README */,
				DDD7054C19F38BE3006672EA /* version.h */,
			);
			path = code;
			sourceTree = "<group>";
		};
/* End PBXGroup section */

/* Begin PBXLegacyTarget section */
		DDD7053619F38BC3006672EA /* RTAUtils */ = {
			isa = PBXLegacyTarget;
			buildArgumentsString = "$(ACTION)";
			buildConfigurationList = DDD7053919F38BC3006672EA /* Build configuration list for PBXLegacyTarget "RTAUtils" */;
			buildPhases = (
			);
			buildToolPath = /usr/bin/make;
			dependencies = (
			);
			name = RTAUtils;
			passBuildSettingsInEnvironment = 1;
			productName = RTAUtils;
		};
/* End PBXLegacyTarget section */

/* Begin PBXProject section */
		DDD7053219F38BC3006672EA /* Project object */ = {
			isa = PBXProject;
			attributes = {
				LastUpgradeCheck = 0600;
				ORGANIZATIONNAME = "Andrea Bulgarelli";
				TargetAttributes = {
					DDD7053619F38BC3006672EA = {
						CreatedOnToolsVersion = 6.0.1;
					};
				};
			};
			buildConfigurationList = DDD7053519F38BC3006672EA /* Build configuration list for PBXProject "RTAUtils" */;
			compatibilityVersion = "Xcode 3.2";
			developmentRegion = English;
			hasScannedForEncodings = 0;
			knownRegions = (
				en,
			);
			mainGroup = DDD7053119F38BC3006672EA;
			projectDirPath = "";
			projectRoot = "";
			targets = (
				DDD7053619F38BC3006672EA /* RTAUtils */,
			);
		};
/* End PBXProject section */

/* Begin XCBuildConfiguration section */
		DDD7053719F38BC3006672EA /* Debug */ = {
			isa = XCBuildConfiguration;
			buildSettings = {
				ALWAYS_SEARCH_USER_PATHS = NO;
				CLANG_CXX_LANGUAGE_STANDARD = "gnu++0x";
				CLANG_CXX_LIBRARY = "libc++";
				CLANG_ENABLE_MODULES = YES;
				CLANG_ENABLE_OBJC_ARC = YES;
				CLANG_WARN_BOOL_CONVERSION = YES;
				CLANG_WARN_CONSTANT_CONVERSION = YES;
				CLANG_WARN_DIRECT_OBJC_ISA_USAGE = YES_ERROR;
				CLANG_WARN_EMPTY_BODY = YES;
				CLANG_WARN_ENUM_CONVERSION = YES;
				CLANG_WARN_INT_CONVERSION = YES;
				CLANG_WARN_OBJC_ROOT_CLASS = YES_ERROR;
				CLANG_WARN_UNREACHABLE_CODE = YES;
				CLANG_WARN__DUPLICATE_METHOD_MATCH = YES;
				COPY_PHASE_STRIP = NO;
				ENABLE_STRICT_OBJC_MSGSEND = YES;
				GCC_C_LANGUAGE_STANDARD = gnu99;
				GCC_DYNAMIC_NO_PIC = NO;
				GCC_OPTIMIZATION_LEVEL = 0;
				GCC_PREPROCESSOR_DEFINITIONS = (
					"DEBUG=1",
					"$(inherited)",
				);
				GCC_SYMBOLS_PRIVATE_EXTERN = NO;
				GCC_WARN_64_TO_32_BIT_CONVERSION = YES;
				GCC_WARN_ABOUT_RETURN_TYPE = YES_ERROR;
				GCC_WARN_UNDECLARED_SELECTOR = YES;
				GCC_WARN_UNINITIALIZED_AUTOS = YES_AGGRESSIVE;
				GCC_WARN_UNUSED_FUNCTION = YES;
				GCC_WARN_UNUSED_VARIABLE = YES;
				MACOSX_DEPLOYMENT_TARGET = 10.9;
				MTL_ENABLE_DEBUG_INFO = YES;
				ONLY_ACTIVE_ARCH = YES;
				SDKROOT = macosx;
			};
			name = Debug;
		};
		DDD7053819F38BC3006672EA /* Release */ = {
			isa = XCBuildConfiguration;
			buildSettings = {
				ALWAYS_SEARCH_USER_PATHS = NO;
				CLANG_CXX_LANGUAGE_STANDARD = "gnu++0x";
				CLANG_CXX_LIBRARY = "libc++";
				CLANG_ENABLE_MODULES = YES;
				CLANG_ENABLE_OBJC_ARC = YES;
				CLANG_WARN_BOOL_CONVERSION = YES;
				CLANG_WARN_CONSTANT_CONVERSION = YES;
				CLANG_WARN_DIRECT_OBJC_ISA_USAGE = YES_ERROR;
				CLANG_WARN_EMPTY_BODY = YES;
				CLANG_WARN_ENUM_CONVERSION = YES;
				CLANG_WARN_INT_CONVERSION = YES;
				CLANG_WARN_OBJC_ROOT_CLASS = YES_ERROR;
				CLANG_WARN_UNREACHABLE_CODE = YES;
				CLANG_WARN__DUPLICATE_METHOD_MATCH = YES;
				COPY_PHASE_STRIP = YES;
				DEBUG_INFORMATION_FORMAT = "dwarf-with-dsym";
				ENABLE_NS_ASSERTIONS = NO;
				ENABLE_STRICT_OBJC_MSGSEND = YES;
				GCC_C_LANGUAGE_STANDARD = gnu99;
				GCC_WARN_64_TO_32_BIT_CONVERSION = YES;
				GCC_WARN_ABOUT_RETURN_TYPE = YES_ERROR;
				GCC_WARN_UNDECLARED_SELECTOR = YES;
				GCC_WARN_UNINITIALIZED_AUTOS = YES_AGGRESSIVE;
				GCC_WARN_UNUSED_FUNCTION = YES;
				GCC_WARN_UNUSED_VARIABLE = YES;
				MACOSX_DEPLOYMENT_TARGET = 10.9;
				MTL_ENABLE_DEBUG_INFO = NO;
				SDKROOT = macosx;
			};
			name = Release;
		};
		DDD7053A19F38BC3006672EA /* Debug */ = {
			isa = XCBuildConfiguration;
			buildSettings = {
				DEBUGGING_SYMBOLS = YES;
				GCC_GENERATE_DEBUGGING_SYMBOLS = YES;
				GCC_OPTIMIZATION_LEVEL = 0;
				OTHER_CFLAGS = "";
				OTHER_LDFLAGS = "";
				PRODUCT_NAME = "$(TARGET_NAME)";
			};
			name = Debug;
		};
		DDD7053B19F38BC3006672EA /* Release */ = {
			isa = XCBuildConfiguration;
			buildSettings = {
				OTHER_CFLAGS = "";
				OTHER_LDFLAGS = "";
				PRODUCT_NAME = "$(TARGET_NAME)";
			};
			name = Release;
		};
/* End XCBuildConfiguration section */

/* Begin XCConfigurationList section */
		DDD7053519F38BC3006672EA /* Build configuration list for PBXProject "RTAUtils" */ = {
			isa = XCConfigurationList;
			buildConfigurations = (
				DDD7053719F38BC3006672EA /* Debug */,
				DDD7053819F38BC3006672EA /* Release */,
			);
			defaultConfigurationIsVisible = 0;
			defaultConfigurationName = Release;
		};
		DDD7053919F38BC3006672EA /* Build configuration list for PBXLegacyTarget "RTAUtils" */ = {
			isa = XCConfigurationList;
			buildConfigurations = (
				DDD7053A19F38BC3006672EA /* Debug */,
				DDD7053B19F38BC3006672EA /* Release */,
			);
			defaultConfigurationIsVisible = 0;
			defaultConfigurationName = Release;
		};
/* End XCConfigurationList section */
	};
	rootObject = DDD7053219F38BC3006672EA /* Project object */;
}
